{
  "source": "github.com/modeled-information-format/MIF",
  "commit": "031ad2a",
  "note": "MIF ontology contract + definitions are vendored-as-seed and FULLY UNLOCKED (verbatim:false, nothing checksum-gated): the contract is first-class and evolves in-repo (e.g. subtype_of) on its way back to MIF. gate_m12 re-validates every ontology against the contract; checksums here are provenance seeds, not a lock.",
  "files": [
    {
      "path": "schemas/mif/ontology.schema.json",
      "upstream": "schema/ontology/ontology.schema.json",
      "sha256": "aac68c2572fe7583a0572172b285d1c215b3f4fbe0435f50b36bf908cff76c07",
      "verbatim": false
    },
    {
      "path": "schemas/mif/ontology.context.jsonld",
      "upstream": "schema/ontology/ontology.context.jsonld",
      "sha256": "50c12542044aa540ddfb236c405e46642c2e469543b2d5def9865b01468e6445",
      "verbatim": false
    },
    {
      "path": "schemas/ontologies/mif-base/0.1.0.yaml",
      "upstream": "ontologies/mif-base.ontology.yaml",
      "sha256": "76a91d7815b95012277c4c8f734b7a9ec1403d09fe74e4cae9b6ad5d8a57beb1",
      "verbatim": false
    },
    {
      "path": "schemas/ontologies/shared-traits/0.1.0.yaml",
      "upstream": "ontologies/shared-traits.ontology.yaml",
      "sha256": "438ddd94e23eaa8c897a7daa363658e2e4c51cc20b2f2d6007757cacc330683f",
      "verbatim": false
    },
    {
      "path": "packs/ontologies/regenerative-agriculture/regenerative-agriculture.ontology.yaml",
      "upstream": "ontologies/examples/regenerative-agriculture.ontology.yaml",
      "sha256": "0cea6c48ea778c48dfb3c4eff0fb1cf262345705ddea4ba6e4c9fbed4bd58e4c",
      "verbatim": false
    },
    {
      "path": "packs/ontologies/biology-research-lab/biology-research-lab.ontology.yaml",
      "upstream": "ontologies/examples/biology-research-lab.ontology.yaml",
      "sha256": "c10d8c14ba29d0f14a4bd5aab6f72938e0346bb5c248fe796b5d10233e5c7a50",
      "verbatim": false
    },
    {
      "path": ".claude/skills/ontology-manager/SKILL.md",
      "upstream": ".claude/skills/ontology-manager/SKILL.md",
      "sha256": "bf3c0adb8acdb7d2c582caa67c0646713fa97dd710e2c48c5e83d3e199e7109f",
      "verbatim": false
    },
    {
      "path": ".claude/skills/ontology-manager/scripts/validate_ontology.sh",
      "upstream": ".claude/skills/ontology-manager/scripts/validate_ontology.sh",
      "sha256": "b01abe649e28232fb588faa251f51e86c43124dea4c3e8e932869d1fdca7d1ab",
      "verbatim": false
    },
    {
      "path": ".claude/skills/ontology-manager/scripts/inspect_ontology.sh",
      "upstream": ".claude/skills/ontology-manager/scripts/inspect_ontology.sh",
      "sha256": "5f785163fb7b86d28457b296668880200f7d29fc318ea059473a780af3b9d479",
      "verbatim": false
    },
    {
      "path": ".claude/skills/ontology-manager/scripts/scaffold_ontology.sh",
      "upstream": ".claude/skills/ontology-manager/scripts/scaffold_ontology.sh",
      "sha256": "d3413325eb38c27e4b92d5fd4b62abb1a7080198f975bd593c602581438350e5",
      "verbatim": false
    },
    {
      "path": ".claude/skills/ontology-manager/scripts/convert_format.sh",
      "upstream": ".claude/skills/ontology-manager/scripts/convert_format.sh",
      "sha256": "e45751c09938ae39393a9bef8c78ed14dc08c821eaf4757d2f40ebffb7b290e3",
      "verbatim": false
    },
    {
      "path": ".claude/skills/ontology-manager/references/schema-reference.md",
      "upstream": ".claude/skills/ontology-manager/references/schema-reference.md",
      "sha256": "42ed55f8f433ec6f7bc1732291f79f2ef316da45250659697409b0a008aecae0",
      "verbatim": false
    },
    {
      "path": "schemas/ontologies/mif-generic/1.0.0.yaml",
      "upstream": "AUTHORED from mif.schema entity-reference enum (Concept/Person/Organization/Technology/File)",
      "sha256": "3ee2efa82d97dd6715fdee93e6162365ab9f82beb061828d4175d1b839d7301b",
      "verbatim": false
    }
  ]
}
