{
  "source": "github.com/modeled-information-format/MIF",
  "commit": "4994f25",
  "note": "Re-vendored from the authoritative MIF develop/v1.0.0 (commit 4994f25). v1.0.0 vocabulary: documents carry a REQUIRED conceptType (semantic|episodic|procedural; memoryType is only a deprecated v0.1 alias), top-level @type is Concept or Memory (the harness authors Concept), and a Relationship is { type: <kebab token>, target: <urn:mif: string or bundle path>, strength? } with additionalProperties:false (no @type, no relationshipType, no object target). The ontology contract carries the subtype_of subsumption extension, merged upstream on develop/v1.0.0 and re-vendored verbatim here. Files stay verbatim:false because the harness still owns ontology-definition authoring; gate_m12 re-validates ontologies against the contract.",
  "files": [
    {
      "path": "schemas/mif/ontology.schema.json",
      "upstream": "schema/ontology/ontology.schema.json",
      "sha256": "b2f5e492381f62c1c14d06fb0e20a2978bc7c20b162dda86dbabde0c6b717bd5",
      "verbatim": false
    },
    {
      "path": "schemas/mif/ontology.context.jsonld",
      "upstream": "schema/ontology/ontology.context.jsonld",
      "sha256": "8486db35fd3322060a27209a67666dad0270781642f34d0dc9212012b3aa3881",
      "verbatim": false
    },
    {
      "path": "schemas/ontologies/mif-base/0.1.0.yaml",
      "upstream": "ontologies/mif-base.ontology.yaml",
      "sha256": "5d514bbebd7f5e395463489ed50c213711e24284e50e41ff0cd2ba8662440774",
      "verbatim": false
    },
    {
      "path": "schemas/ontologies/shared-traits/0.1.0.yaml",
      "upstream": "ontologies/shared-traits.ontology.yaml",
      "sha256": "2bd695be879231c53c8256540c06079b77fda317dca8e178ca68b7ff97945fce",
      "verbatim": false
    },
    {
      "path": "packs/ontologies/regenerative-agriculture/regenerative-agriculture.ontology.yaml",
      "upstream": "ontologies/examples/regenerative-agriculture.ontology.yaml",
      "sha256": "0cea6c48ea778c48dfb3c4eff0fb1cf262345705ddea4ba6e4c9fbed4bd58e4c",
      "verbatim": false
    },
    {
      "path": "packs/ontologies/biology-research-lab/biology-research-lab.ontology.yaml",
      "upstream": "ontologies/examples/biology-research-lab.ontology.yaml",
      "sha256": "c10d8c14ba29d0f14a4bd5aab6f72938e0346bb5c248fe796b5d10233e5c7a50",
      "verbatim": false
    },
    {
      "path": ".claude/skills/ontology-manager/SKILL.md",
      "upstream": ".claude/skills/ontology-manager/SKILL.md",
      "sha256": "198b2c22c117ee1d996f3f795d0dc2d37e776072667a820907586f5bd46b537d",
      "verbatim": false
    },
    {
      "path": ".claude/skills/ontology-manager/scripts/validate_ontology.sh",
      "upstream": ".claude/skills/ontology-manager/scripts/validate_ontology.sh",
      "sha256": "b01abe649e28232fb588faa251f51e86c43124dea4c3e8e932869d1fdca7d1ab",
      "verbatim": false
    },
    {
      "path": ".claude/skills/ontology-manager/scripts/inspect_ontology.sh",
      "upstream": ".claude/skills/ontology-manager/scripts/inspect_ontology.sh",
      "sha256": "5f785163fb7b86d28457b296668880200f7d29fc318ea059473a780af3b9d479",
      "verbatim": false
    },
    {
      "path": ".claude/skills/ontology-manager/scripts/scaffold_ontology.sh",
      "upstream": ".claude/skills/ontology-manager/scripts/scaffold_ontology.sh",
      "sha256": "d3413325eb38c27e4b92d5fd4b62abb1a7080198f975bd593c602581438350e5",
      "verbatim": false
    },
    {
      "path": ".claude/skills/ontology-manager/scripts/convert_format.sh",
      "upstream": ".claude/skills/ontology-manager/scripts/convert_format.sh",
      "sha256": "e45751c09938ae39393a9bef8c78ed14dc08c821eaf4757d2f40ebffb7b290e3",
      "verbatim": false
    },
    {
      "path": ".claude/skills/ontology-manager/references/schema-reference.md",
      "upstream": ".claude/skills/ontology-manager/references/schema-reference.md",
      "sha256": "e0aa7a572c96022fa17c331f1d492b43a0062fa7d95ce17896b3d22ced0c7971",
      "verbatim": false
    },
    {
      "path": "schemas/ontologies/mif-generic/1.0.0.yaml",
      "upstream": "AUTHORED from mif.schema entity-reference enum (Concept/Person/Organization/Technology/File)",
      "sha256": "3ee2efa82d97dd6715fdee93e6162365ab9f82beb061828d4175d1b839d7301b",
      "verbatim": false
    }
  ],
  "branch": "develop/v1.0.0"
}
